
Microsoft Visual Studio Solution File, Format Version 12.00
# Visual Studio Version 17
VisualStudioVersion = 17.10.35013.160
MinimumVisualStudioVersion = 10.0.40219.1
Project("{9A19103F-16F7-4668-BE54-9A1E7A4F7556}") = "Assignment6", "Assignment6\Assignment6.csproj", "{24F9FBFB-A326-43C0-A381-0B8365412B78}"
EndProject
Project("{9A19103F-16F7-4668-BE54-9A1E7A4F7556}") = "DbService", "DbService\DbService.csproj", "{0DC47059-6D77-4B34-933F-F2F75C919FEB}"
EndProject
Project("{FAE04EC0-301F-11D3-BF4B-00C04F79EFBC}") = "UserManagement.Lib", "..\UserManagement\UserManagement.Lib\UserManagement.Lib.csproj", "{6FAE6865-D9EB-7BF9-2A4E-76B7869790E3}"
EndProject
Global
	GlobalSection(SolutionConfigurationPlatforms) = preSolution
		Debug|Any CPU = Debug|Any CPU
		Release|Any CPU = Release|Any CPU
	EndGlobalSection
	GlobalSection(ProjectConfigurationPlatforms) = postSolution
		{24F9FBFB-A326-43C0-A381-0B8365412B78}.Debug|Any CPU.ActiveCfg = Debug|Any CPU
		{24F9FBFB-A326-43C0-A381-0B8365412B78}.Debug|Any CPU.Build.0 = Debug|Any CPU
		{24F9FBFB-A326-43C0-A381-0B8365412B78}.Release|Any CPU.ActiveCfg = Release|Any CPU
		{24F9FBFB-A326-43C0-A381-0B8365412B78}.Release|Any CPU.Build.0 = Release|Any CPU
		{0DC47059-6D77-4B34-933F-F2F75C919FEB}.Debug|Any CPU.ActiveCfg = Debug|Any CPU
		{0DC47059-6D77-4B34-933F-F2F75C919FEB}.Debug|Any CPU.Build.0 = Debug|Any CPU
		{0DC47059-6D77-4B34-933F-F2F75C919FEB}.Release|Any CPU.ActiveCfg = Release|Any CPU
		{0DC47059-6D77-4B34-933F-F2F75C919FEB}.Release|Any CPU.Build.0 = Release|Any CPU
		{6FAE6865-D9EB-7BF9-2A4E-76B7869790E3}.Debug|Any CPU.ActiveCfg = Debug|Any CPU
		{6FAE6865-D9EB-7BF9-2A4E-76B7869790E3}.Debug|Any CPU.Build.0 = Debug|Any CPU
		{6FAE6865-D9EB-7BF9-2A4E-76B7869790E3}.Release|Any CPU.ActiveCfg = Release|Any CPU
		{6FAE6865-D9EB-7BF9-2A4E-76B7869790E3}.Release|Any CPU.Build.0 = Release|Any CPU
	EndGlobalSection
	GlobalSection(SolutionProperties) = preSolution
		HideSolutionNode = FALSE
	EndGlobalSection
	GlobalSection(ExtensibilityGlobals) = postSolution
		SolutionGuid = {37D0C156-B122-4366-9184-31DED29899EE}
	EndGlobalSection
EndGlobal
